
Microsoft Visual Studio Solution File, Format Version 12.00
# Visual Studio Version 17
VisualStudioVersion = 17.1.32319.34
MinimumVisualStudioVersion = 10.0.40219.1
Project("{FAE04EC0-301F-11D3-BF4B-00C04F79EFBC}") = "HomeWork_1.1", "HomeWork_1.1\HomeWork_1.1.csproj", "{2C3BD011-7425-4376-8C7F-3AFE894AD3EE}"
EndProject
Project("{FAE04EC0-301F-11D3-BF4B-00C04F79EFBC}") = "HomeWork_1.2", "HomeWork_1.2\HomeWork_1.2.csproj", "{97D17AF5-D063-47D5-B862-1C578D65C7F2}"
EndProject
Global
	GlobalSection(SolutionConfigurationPlatforms) = preSolution
		Debug|Any CPU = Debug|Any CPU
		Release|Any CPU = Release|Any CPU
	EndGlobalSection
	GlobalSection(ProjectConfigurationPlatforms) = postSolution
		{2C3BD011-7425-4376-8C7F-3AFE894AD3EE}.Debug|Any CPU.ActiveCfg = Debug|Any CPU
		{2C3BD011-7425-4376-8C7F-3AFE894AD3EE}.Debug|Any CPU.Build.0 = Debug|Any CPU
		{2C3BD011-7425-4376-8C7F-3AFE894AD3EE}.Release|Any CPU.ActiveCfg = Release|Any CPU
		{2C3BD011-7425-4376-8C7F-3AFE894AD3EE}.Release|Any CPU.Build.0 = Release|Any CPU
		{97D17AF5-D063-47D5-B862-1C578D65C7F2}.Debug|Any CPU.ActiveCfg = Debug|Any CPU
		{97D17AF5-D063-47D5-B862-1C578D65C7F2}.Debug|Any CPU.Build.0 = Debug|Any CPU
		{97D17AF5-D063-47D5-B862-1C578D65C7F2}.Release|Any CPU.ActiveCfg = Release|Any CPU
		{97D17AF5-D063-47D5-B862-1C578D65C7F2}.Release|Any CPU.Build.0 = Release|Any CPU
	EndGlobalSection
	GlobalSection(SolutionProperties) = preSolution
		HideSolutionNode = FALSE
	EndGlobalSection
	GlobalSection(ExtensibilityGlobals) = postSolution
		SolutionGuid = {7D13CB3F-15C7-4F72-8ACF-2B7E536169B3}
	EndGlobalSection
EndGlobal
